{
  "name": "@aakritbhandari/branch-helper",
  "version": "1.0.2",
  "lockfileVersion": 3,
  "requires": true,
  "packages": {
    "": {
      "name": "@aakritbhandari/branch-helper",
      "version": "1.0.2",
      "license": "Fair",
      "bin": {
        "branchhelper": "index.js"
      }
    }
  }
}
